
Microsoft Visual Studio Solution File, Format Version 12.00
# Visual Studio Version 16
VisualStudioVersion = 16.0.29806.167
MinimumVisualStudioVersion = 10.0.40219.1
Project("{2150E333-8FDC-42A3-9474-1A3956D46DE8}") = "Chapter2", "Chapter2", "{F8780508-4081-4673-B71C-024602FF97C4}"
EndProject
Project("{9A19103F-16F7-4668-BE54-9A1E7A4F7556}") = "Chapter2.Examples", "Chapter2.Examples\Chapter2.Examples.csproj", "{6BA1B275-011E-4930-B6FE-C782BF426190}"
EndProject
Project("{8BC9CEB8-8B4A-11D0-8D11-00A0C91BC942}") = "Chapter2.Unmanaged", "Chapter2.Unmanaged\Chapter2.Unmanaged.vcxproj", "{B966046F-8DC3-406A-885F-875865836108}"
EndProject
Global
	GlobalSection(SolutionConfigurationPlatforms) = preSolution
		Debug|Any CPU = Debug|Any CPU
		Debug|x64 = Debug|x64
		Debug|x86 = Debug|x86
		Release|Any CPU = Release|Any CPU
		Release|x64 = Release|x64
		Release|x86 = Release|x86
	EndGlobalSection
	GlobalSection(ProjectConfigurationPlatforms) = postSolution
		{6BA1B275-011E-4930-B6FE-C782BF426190}.Debug|Any CPU.ActiveCfg = Debug|Any CPU
		{6BA1B275-011E-4930-B6FE-C782BF426190}.Debug|Any CPU.Build.0 = Debug|Any CPU
		{6BA1B275-011E-4930-B6FE-C782BF426190}.Debug|x64.ActiveCfg = Debug|x64
		{6BA1B275-011E-4930-B6FE-C782BF426190}.Debug|x64.Build.0 = Debug|x64
		{6BA1B275-011E-4930-B6FE-C782BF426190}.Debug|x86.ActiveCfg = Debug|Any CPU
		{6BA1B275-011E-4930-B6FE-C782BF426190}.Debug|x86.Build.0 = Debug|Any CPU
		{6BA1B275-011E-4930-B6FE-C782BF426190}.Release|Any CPU.ActiveCfg = Release|Any CPU
		{6BA1B275-011E-4930-B6FE-C782BF426190}.Release|Any CPU.Build.0 = Release|Any CPU
		{6BA1B275-011E-4930-B6FE-C782BF426190}.Release|x64.ActiveCfg = Release|x64
		{6BA1B275-011E-4930-B6FE-C782BF426190}.Release|x64.Build.0 = Release|x64
		{6BA1B275-011E-4930-B6FE-C782BF426190}.Release|x86.ActiveCfg = Release|Any CPU
		{6BA1B275-011E-4930-B6FE-C782BF426190}.Release|x86.Build.0 = Release|Any CPU
		{B966046F-8DC3-406A-885F-875865836108}.Debug|Any CPU.ActiveCfg = Debug|Win32
		{B966046F-8DC3-406A-885F-875865836108}.Debug|Any CPU.Build.0 = Debug|Win32
		{B966046F-8DC3-406A-885F-875865836108}.Debug|x64.ActiveCfg = Debug|x64
		{B966046F-8DC3-406A-885F-875865836108}.Debug|x64.Build.0 = Debug|x64
		{B966046F-8DC3-406A-885F-875865836108}.Debug|x86.ActiveCfg = Debug|Win32
		{B966046F-8DC3-406A-885F-875865836108}.Debug|x86.Build.0 = Debug|Win32
		{B966046F-8DC3-406A-885F-875865836108}.Release|Any CPU.ActiveCfg = Release|Win32
		{B966046F-8DC3-406A-885F-875865836108}.Release|x64.ActiveCfg = Release|x64
		{B966046F-8DC3-406A-885F-875865836108}.Release|x64.Build.0 = Release|x64
		{B966046F-8DC3-406A-885F-875865836108}.Release|x86.ActiveCfg = Release|Win32
		{B966046F-8DC3-406A-885F-875865836108}.Release|x86.Build.0 = Release|Win32
	EndGlobalSection
	GlobalSection(SolutionProperties) = preSolution
		HideSolutionNode = FALSE
	EndGlobalSection
	GlobalSection(NestedProjects) = preSolution
		{6BA1B275-011E-4930-B6FE-C782BF426190} = {F8780508-4081-4673-B71C-024602FF97C4}
		{B966046F-8DC3-406A-885F-875865836108} = {F8780508-4081-4673-B71C-024602FF97C4}
	EndGlobalSection
	GlobalSection(ExtensibilityGlobals) = postSolution
		SolutionGuid = {3430670E-AD1B-4B60-B032-AB6F2EEC5783}
	EndGlobalSection
EndGlobal
